// !$*UTF8*$!
{
	archiveVersion = 1;
	classes = {
	};
	objectVersion = 50;
	objects = {

/* Begin PBXBuildFile section */
		2639B2C3235694D7002B9109 /* Vehicle.swift in Sources */ = {isa = PBXBuildFile; fileRef = 2639B2C2235694D7002B9109 /* Vehicle.swift */; };
		2639B2C523569F8F002B9109 /* Car.swift in Sources */ = {isa = PBXBuildFile; fileRef = 2639B2C423569F8F002B9109 /* Car.swift */; };
		2639B2DC2357E8ED002B9109 /* Motorcycle.swift in Sources */ = {isa = PBXBuildFile; fileRef = 2639B2DB2357E8ED002B9109 /* Motorcycle.swift */; };
		2639B2E12357EF63002B9109 /* FullTime.swift in Sources */ = {isa = PBXBuildFile; fileRef = 2639B2E02357EF63002B9109 /* FullTime.swift */; };
		9B1BB4162357D04200DDD85B /* CommisionBasedPartTime.swift in Sources */ = {isa = PBXBuildFile; fileRef = 9B1BB4152357D04200DDD85B /* CommisionBasedPartTime.swift */; };
		9B1BB42D2357E74600DDD85B /* FixedBasedPartTime.swift in Sources */ = {isa = PBXBuildFile; fileRef = 9B1BB42C2357E74600DDD85B /* FixedBasedPartTime.swift */; };
		9B78582B235FB60D00074659 /* JSONHandling.swift in Sources */ = {isa = PBXBuildFile; fileRef = 9B78582A235FB60D00074659 /* JSONHandling.swift */; };
		9B7A698223568D9400FBBCBC /* main.swift in Sources */ = {isa = PBXBuildFile; fileRef = 9B7A698123568D9400FBBCBC /* main.swift */; };
		9B7A698D2356A20500FBBCBC /* Employee.swift in Sources */ = {isa = PBXBuildFile; fileRef = 9B7A698C2356A20500FBBCBC /* Employee.swift */; };
		9B7A698F2356A21100FBBCBC /* IPrintable.swift in Sources */ = {isa = PBXBuildFile; fileRef = 9B7A698E2356A21100FBBCBC /* IPrintable.swift */; };
		9B7A69922356A71400FBBCBC /* PartTime.swift in Sources */ = {isa = PBXBuildFile; fileRef = 9B7A69912356A71400FBBCBC /* PartTime.swift */; };
		9B99512A235E8F2900E9AE69 /* Extension_Float.swift in Sources */ = {isa = PBXBuildFile; fileRef = 9B995129235E8F2900E9AE69 /* Extension_Float.swift */; };
		9B99512C235E918900E9AE69 /* Extemnsion_Int.swift in Sources */ = {isa = PBXBuildFile; fileRef = 9B99512B235E918900E9AE69 /* Extemnsion_Int.swift */; };
		E043C7612358150400FCB8FF /* Info.json in CopyFiles */ = {isa = PBXBuildFile; fileRef = 2639B2DD2357ED99002B9109 /* Info.json */; };
		E0F97BBE2358819800C4FE01 /* Intern.swift in Sources */ = {isa = PBXBuildFile; fileRef = E0F97BBD2358819800C4FE01 /* Intern.swift */; };
		E0F97BC123589C1B00C4FE01 /* InfoSingle.json in CopyFiles */ = {isa = PBXBuildFile; fileRef = E0F97BC023589C0E00C4FE01 /* InfoSingle.json */; };
/* End PBXBuildFile section */

/* Begin PBXCopyFilesBuildPhase section */
		9B7A697C23568D9400FBBCBC /* CopyFiles */ = {
			isa = PBXCopyFilesBuildPhase;
			buildActionMask = 2147483647;
			dstPath = /usr/share/man/man1/;
			dstSubfolderSpec = 0;
			files = (
			);
			runOnlyForDeploymentPostprocessing = 1;
		};
		E043C760235814FA00FCB8FF /* CopyFiles */ = {
			isa = PBXCopyFilesBuildPhase;
			buildActionMask = 2147483647;
			dstPath = "";
			dstSubfolderSpec = 7;
			files = (
				E0F97BC123589C1B00C4FE01 /* InfoSingle.json in CopyFiles */,
				E043C7612358150400FCB8FF /* Info.json in CopyFiles */,
			);
			runOnlyForDeploymentPostprocessing = 0;
		};
/* End PBXCopyFilesBuildPhase section */

/* Begin PBXFileReference section */
		2639B2C2235694D7002B9109 /* Vehicle.swift */ = {isa = PBXFileReference; lastKnownFileType = sourcecode.swift; path = Vehicle.swift; sourceTree = "<group>"; };
		2639B2C423569F8F002B9109 /* Car.swift */ = {isa = PBXFileReference; lastKnownFileType = sourcecode.swift; path = Car.swift; sourceTree = "<group>"; };
		2639B2DB2357E8ED002B9109 /* Motorcycle.swift */ = {isa = PBXFileReference; lastKnownFileType = sourcecode.swift; path = Motorcycle.swift; sourceTree = "<group>"; };
		2639B2DD2357ED99002B9109 /* Info.json */ = {isa = PBXFileReference; lastKnownFileType = text.json; path = Info.json; sourceTree = "<group>"; };
		2639B2E02357EF63002B9109 /* FullTime.swift */ = {isa = PBXFileReference; lastKnownFileType = sourcecode.swift; path = FullTime.swift; sourceTree = "<group>"; };
		9B1BB4152357D04200DDD85B /* CommisionBasedPartTime.swift */ = {isa = PBXFileReference; lastKnownFileType = sourcecode.swift; path = CommisionBasedPartTime.swift; sourceTree = "<group>"; };
		9B1BB42C2357E74600DDD85B /* FixedBasedPartTime.swift */ = {isa = PBXFileReference; lastKnownFileType = sourcecode.swift; path = FixedBasedPartTime.swift; sourceTree = "<group>"; };
		9B78582A235FB60D00074659 /* JSONHandling.swift */ = {isa = PBXFileReference; lastKnownFileType = sourcecode.swift; path = JSONHandling.swift; sourceTree = "<group>"; };
		9B7A697E23568D9400FBBCBC /* Group7_F2019_MAD3004_FP */ = {isa = PBXFileReference; explicitFileType = "compiled.mach-o.executable"; includeInIndex = 0; path = Group7_F2019_MAD3004_FP; sourceTree = BUILT_PRODUCTS_DIR; };
		9B7A698123568D9400FBBCBC /* main.swift */ = {isa = PBXFileReference; lastKnownFileType = sourcecode.swift; path = main.swift; sourceTree = "<group>"; };
		9B7A698C2356A20500FBBCBC /* Employee.swift */ = {isa = PBXFileReference; fileEncoding = 4; lastKnownFileType = sourcecode.swift; path = Employee.swift; sourceTree = "<group>"; };
		9B7A698E2356A21100FBBCBC /* IPrintable.swift */ = {isa = PBXFileReference; fileEncoding = 4; lastKnownFileType = sourcecode.swift; path = IPrintable.swift; sourceTree = "<group>"; };
		9B7A69912356A71400FBBCBC /* PartTime.swift */ = {isa = PBXFileReference; lastKnownFileType = sourcecode.swift; path = PartTime.swift; sourceTree = "<group>"; };
		9B995129235E8F2900E9AE69 /* Extension_Float.swift */ = {isa = PBXFileReference; lastKnownFileType = sourcecode.swift; path = Extension_Float.swift; sourceTree = "<group>"; };
		9B99512B235E918900E9AE69 /* Extemnsion_Int.swift */ = {isa = PBXFileReference; lastKnownFileType = sourcecode.swift; path = Extemnsion_Int.swift; sourceTree = "<group>"; };
		E0F97BBD2358819800C4FE01 /* Intern.swift */ = {isa = PBXFileReference; lastKnownFileType = sourcecode.swift; path = Intern.swift; sourceTree = "<group>"; };
		E0F97BC023589C0E00C4FE01 /* InfoSingle.json */ = {isa = PBXFileReference; lastKnownFileType = text.json; path = InfoSingle.json; sourceTree = "<group>"; };
/* End PBXFileReference section */

/* Begin PBXFrameworksBuildPhase section */
		9B7A697B23568D9400FBBCBC /* Frameworks */ = {
			isa = PBXFrameworksBuildPhase;
			buildActionMask = 2147483647;
			files = (
			);
			runOnlyForDeploymentPostprocessing = 0;
		};
/* End PBXFrameworksBuildPhase section */

/* Begin PBXGroup section */
		2639B2C1235694B0002B9109 /* Vehicle */ = {
			isa = PBXGroup;
			children = (
				2639B2C2235694D7002B9109 /* Vehicle.swift */,
				2639B2C423569F8F002B9109 /* Car.swift */,
				2639B2DB2357E8ED002B9109 /* Motorcycle.swift */,
			);
			path = Vehicle;
			sourceTree = "<group>";
		};
		9B7A697523568D9400FBBCBC = {
			isa = PBXGroup;
			children = (
				9B7A698023568D9400FBBCBC /* Group7_F2019_MAD3004_FP */,
				9B7A697F23568D9400FBBCBC /* Products */,
			);
			sourceTree = "<group>";
		};
		9B7A697F23568D9400FBBCBC /* Products */ = {
			isa = PBXGroup;
			children = (
				9B7A697E23568D9400FBBCBC /* Group7_F2019_MAD3004_FP */,
			);
			name = Products;
			sourceTree = "<group>";
		};
		9B7A698023568D9400FBBCBC /* Group7_F2019_MAD3004_FP */ = {
			isa = PBXGroup;
			children = (
				2639B2C1235694B0002B9109 /* Vehicle */,
				9B7A698123568D9400FBBCBC /* main.swift */,
				9B7A69902356A6F200FBBCBC /* Employee */,
				9B7A698E2356A21100FBBCBC /* IPrintable.swift */,
				2639B2DD2357ED99002B9109 /* Info.json */,
				E0F97BC023589C0E00C4FE01 /* InfoSingle.json */,
				9B995129235E8F2900E9AE69 /* Extension_Float.swift */,
				9B99512B235E918900E9AE69 /* Extemnsion_Int.swift */,
				9B78582A235FB60D00074659 /* JSONHandling.swift */,
			);
			path = Group7_F2019_MAD3004_FP;
			sourceTree = "<group>";
		};
		9B7A69902356A6F200FBBCBC /* Employee */ = {
			isa = PBXGroup;
			children = (
				9B7A698C2356A20500FBBCBC /* Employee.swift */,
				9B7A69912356A71400FBBCBC /* PartTime.swift */,
				9B1BB4152357D04200DDD85B /* CommisionBasedPartTime.swift */,
				9B1BB42C2357E74600DDD85B /* FixedBasedPartTime.swift */,
				2639B2E02357EF63002B9109 /* FullTime.swift */,
				E0F97BBD2358819800C4FE01 /* Intern.swift */,
			);
			path = Employee;
			sourceTree = "<group>";
		};
/* End PBXGroup section */

/* Begin PBXNativeTarget section */
		9B7A697D23568D9400FBBCBC /* Group7_F2019_MAD3004_FP */ = {
			isa = PBXNativeTarget;
			buildConfigurationList = 9B7A698523568D9400FBBCBC /* Build configuration list for PBXNativeTarget "Group7_F2019_MAD3004_FP" */;
			buildPhases = (
				9B7A697A23568D9400FBBCBC /* Sources */,
				9B7A697B23568D9400FBBCBC /* Frameworks */,
				9B7A697C23568D9400FBBCBC /* CopyFiles */,
				E043C760235814FA00FCB8FF /* CopyFiles */,
			);
			buildRules = (
			);
			dependencies = (
			);
			name = Group7_F2019_MAD3004_FP;
			productName = Group7_F2019_MAD3004_FP;
			productReference = 9B7A697E23568D9400FBBCBC /* Group7_F2019_MAD3004_FP */;
			productType = "com.apple.product-type.tool";
		};
/* End PBXNativeTarget section */

/* Begin PBXProject section */
		9B7A697623568D9400FBBCBC /* Project object */ = {
			isa = PBXProject;
			attributes = {
				LastSwiftUpdateCheck = 1030;
				LastUpgradeCheck = 1110;
				ORGANIZATIONNAME = MacStudent;
				TargetAttributes = {
					9B7A697D23568D9400FBBCBC = {
						CreatedOnToolsVersion = 10.3;
					};
				};
			};
			buildConfigurationList = 9B7A697923568D9400FBBCBC /* Build configuration list for PBXProject "Group7_F2019_MAD3004_FP" */;
			compatibilityVersion = "Xcode 9.3";
			developmentRegion = en;
			hasScannedForEncodings = 0;
			knownRegions = (
				en,
			);
			mainGroup = 9B7A697523568D9400FBBCBC;
			productRefGroup = 9B7A697F23568D9400FBBCBC /* Products */;
			projectDirPath = "";
			projectRoot = "";
			targets = (
				9B7A697D23568D9400FBBCBC /* Group7_F2019_MAD3004_FP */,
			);
		};
/* End PBXProject section */

/* Begin PBXSourcesBuildPhase section */
		9B7A697A23568D9400FBBCBC /* Sources */ = {
			isa = PBXSourcesBuildPhase;
			buildActionMask = 2147483647;
			files = (
				9B1BB42D2357E74600DDD85B /* FixedBasedPartTime.swift in Sources */,
				2639B2E12357EF63002B9109 /* FullTime.swift in Sources */,
				9B78582B235FB60D00074659 /* JSONHandling.swift in Sources */,
				9B99512C235E918900E9AE69 /* Extemnsion_Int.swift in Sources */,
				2639B2C3235694D7002B9109 /* Vehicle.swift in Sources */,
				9B7A698D2356A20500FBBCBC /* Employee.swift in Sources */,
				9B1BB4162357D04200DDD85B /* CommisionBasedPartTime.swift in Sources */,
				9B7A698223568D9400FBBCBC /* main.swift in Sources */,
				9B99512A235E8F2900E9AE69 /* Extension_Float.swift in Sources */,
				9B7A69922356A71400FBBCBC /* PartTime.swift in Sources */,
				9B7A698F2356A21100FBBCBC /* IPrintable.swift in Sources */,
				2639B2C523569F8F002B9109 /* Car.swift in Sources */,
				2639B2DC2357E8ED002B9109 /* Motorcycle.swift in Sources */,
				E0F97BBE2358819800C4FE01 /* Intern.swift in Sources */,
			);
			runOnlyForDeploymentPostprocessing = 0;
		};
/* End PBXSourcesBuildPhase section */

/* Begin XCBuildConfiguration section */
		9B7A698323568D9400FBBCBC /* Debug */ = {
			isa = XCBuildConfiguration;
			buildSettings = {
				ALWAYS_SEARCH_USER_PATHS = NO;
				CLANG_ANALYZER_NONNULL = YES;
				CLANG_ANALYZER_NUMBER_OBJECT_CONVERSION = YES_AGGRESSIVE;
				CLANG_CXX_LANGUAGE_STANDARD = "gnu++14";
				CLANG_CXX_LIBRARY = "libc++";
				CLANG_ENABLE_MODULES = YES;
				CLANG_ENABLE_OBJC_ARC = YES;
				CLANG_ENABLE_OBJC_WEAK = YES;
				CLANG_WARN_BLOCK_CAPTURE_AUTORELEASING = YES;
				CLANG_WARN_BOOL_CONVERSION = YES;
				CLANG_WARN_COMMA = YES;
				CLANG_WARN_CONSTANT_CONVERSION = YES;
				CLANG_WARN_DEPRECATED_OBJC_IMPLEMENTATIONS = YES;
				CLANG_WARN_DIRECT_OBJC_ISA_USAGE = YES_ERROR;
				CLANG_WARN_DOCUMENTATION_COMMENTS = YES;
				CLANG_WARN_EMPTY_BODY = YES;
				CLANG_WARN_ENUM_CONVERSION = YES;
				CLANG_WARN_INFINITE_RECURSION = YES;
				CLANG_WARN_INT_CONVERSION = YES;
				CLANG_WARN_NON_LITERAL_NULL_CONVERSION = YES;
				CLANG_WARN_OBJC_IMPLICIT_RETAIN_SELF = YES;
				CLANG_WARN_OBJC_LITERAL_CONVERSION = YES;
				CLANG_WARN_OBJC_ROOT_CLASS = YES_ERROR;
				CLANG_WARN_RANGE_LOOP_ANALYSIS = YES;
				CLANG_WARN_STRICT_PROTOTYPES = YES;
				CLANG_WARN_SUSPICIOUS_MOVE = YES;
				CLANG_WARN_UNGUARDED_AVAILABILITY = YES_AGGRESSIVE;
				CLANG_WARN_UNREACHABLE_CODE = YES;
				CLANG_WARN__DUPLICATE_METHOD_MATCH = YES;
				CODE_SIGN_IDENTITY = "-";
				COPY_PHASE_STRIP = NO;
				DEBUG_INFORMATION_FORMAT = dwarf;
				ENABLE_STRICT_OBJC_MSGSEND = YES;
				ENABLE_TESTABILITY = YES;
				GCC_C_LANGUAGE_STANDARD = gnu11;
				GCC_DYNAMIC_NO_PIC = NO;
				GCC_NO_COMMON_BLOCKS = YES;
				GCC_OPTIMIZATION_LEVEL = 0;
				GCC_PREPROCESSOR_DEFINITIONS = (
					"DEBUG=1",
					"$(inherited)",
				);
				GCC_WARN_64_TO_32_BIT_CONVERSION = YES;
				GCC_WARN_ABOUT_RETURN_TYPE = YES_ERROR;
				GCC_WARN_UNDECLARED_SELECTOR = YES;
				GCC_WARN_UNINITIALIZED_AUTOS = YES_AGGRESSIVE;
				GCC_WARN_UNUSED_FUNCTION = YES;
				GCC_WARN_UNUSED_VARIABLE = YES;
				MACOSX_DEPLOYMENT_TARGET = 10.14;
				MTL_ENABLE_DEBUG_INFO = INCLUDE_SOURCE;
				MTL_FAST_MATH = YES;
				ONLY_ACTIVE_ARCH = YES;
				SDKROOT = macosx;
				SWIFT_ACTIVE_COMPILATION_CONDITIONS = DEBUG;
				SWIFT_OPTIMIZATION_LEVEL = "-Onone";
			};
			name = Debug;
		};
		9B7A698423568D9400FBBCBC /* Release */ = {
			isa = XCBuildConfiguration;
			buildSettings = {
				ALWAYS_SEARCH_USER_PATHS = NO;
				CLANG_ANALYZER_NONNULL = YES;
				CLANG_ANALYZER_NUMBER_OBJECT_CONVERSION = YES_AGGRESSIVE;
				CLANG_CXX_LANGUAGE_STANDARD = "gnu++14";
				CLANG_CXX_LIBRARY = "libc++";
				CLANG_ENABLE_MODULES = YES;
				CLANG_ENABLE_OBJC_ARC = YES;
				CLANG_ENABLE_OBJC_WEAK = YES;
				CLANG_WARN_BLOCK_CAPTURE_AUTORELEASING = YES;
				CLANG_WARN_BOOL_CONVERSION = YES;
				CLANG_WARN_COMMA = YES;
				CLANG_WARN_CONSTANT_CONVERSION = YES;
				CLANG_WARN_DEPRECATED_OBJC_IMPLEMENTATIONS = YES;
				CLANG_WARN_DIRECT_OBJC_ISA_USAGE = YES_ERROR;
				CLANG_WARN_DOCUMENTATION_COMMENTS = YES;
				CLANG_WARN_EMPTY_BODY = YES;
				CLANG_WARN_ENUM_CONVERSION = YES;
				CLANG_WARN_INFINITE_RECURSION = YES;
				CLANG_WARN_INT_CONVERSION = YES;
				CLANG_WARN_NON_LITERAL_NULL_CONVERSION = YES;
				CLANG_WARN_OBJC_IMPLICIT_RETAIN_SELF = YES;
				CLANG_WARN_OBJC_LITERAL_CONVERSION = YES;
				CLANG_WARN_OBJC_ROOT_CLASS = YES_ERROR;
				CLANG_WARN_RANGE_LOOP_ANALYSIS = YES;
				CLANG_WARN_STRICT_PROTOTYPES = YES;
				CLANG_WARN_SUSPICIOUS_MOVE = YES;
				CLANG_WARN_UNGUARDED_AVAILABILITY = YES_AGGRESSIVE;
				CLANG_WARN_UNREACHABLE_CODE = YES;
				CLANG_WARN__DUPLICATE_METHOD_MATCH = YES;
				CODE_SIGN_IDENTITY = "-";
				COPY_PHASE_STRIP = NO;
				DEBUG_INFORMATION_FORMAT = "dwarf-with-dsym";
				ENABLE_NS_ASSERTIONS = NO;
				ENABLE_STRICT_OBJC_MSGSEND = YES;
				GCC_C_LANGUAGE_STANDARD = gnu11;
				GCC_NO_COMMON_BLOCKS = YES;
				GCC_WARN_64_TO_32_BIT_CONVERSION = YES;
				GCC_WARN_ABOUT_RETURN_TYPE = YES_ERROR;
				GCC_WARN_UNDECLARED_SELECTOR = YES;
				GCC_WARN_UNINITIALIZED_AUTOS = YES_AGGRESSIVE;
				GCC_WARN_UNUSED_FUNCTION = YES;
				GCC_WARN_UNUSED_VARIABLE = YES;
				MACOSX_DEPLOYMENT_TARGET = 10.14;
				MTL_ENABLE_DEBUG_INFO = NO;
				MTL_FAST_MATH = YES;
				SDKROOT = macosx;
				SWIFT_COMPILATION_MODE = wholemodule;
				SWIFT_OPTIMIZATION_LEVEL = "-O";
			};
			name = Release;
		};
		9B7A698623568D9400FBBCBC /* Debug */ = {
			isa = XCBuildConfiguration;
			buildSettings = {
				CODE_SIGN_IDENTITY = "-";
				CODE_SIGN_STYLE = Automatic;
				PRODUCT_NAME = "$(TARGET_NAME)";
				SWIFT_VERSION = 5.0;
			};
			name = Debug;
		};
		9B7A698723568D9400FBBCBC /* Release */ = {
			isa = XCBuildConfiguration;
			buildSettings = {
				CODE_SIGN_IDENTITY = "-";
				CODE_SIGN_STYLE = Automatic;
				PRODUCT_NAME = "$(TARGET_NAME)";
				SWIFT_VERSION = 5.0;
			};
			name = Release;
		};
/* End XCBuildConfiguration section */

/* Begin XCConfigurationList section */
		9B7A697923568D9400FBBCBC /* Build configuration list for PBXProject "Group7_F2019_MAD3004_FP" */ = {
			isa = XCConfigurationList;
			buildConfigurations = (
				9B7A698323568D9400FBBCBC /* Debug */,
				9B7A698423568D9400FBBCBC /* Release */,
			);
			defaultConfigurationIsVisible = 0;
			defaultConfigurationName = Release;
		};
		9B7A698523568D9400FBBCBC /* Build configuration list for PBXNativeTarget "Group7_F2019_MAD3004_FP" */ = {
			isa = XCConfigurationList;
			buildConfigurations = (
				9B7A698623568D9400FBBCBC /* Debug */,
				9B7A698723568D9400FBBCBC /* Release */,
			);
			defaultConfigurationIsVisible = 0;
			defaultConfigurationName = Release;
		};
/* End XCConfigurationList section */
	};
	rootObject = 9B7A697623568D9400FBBCBC /* Project object */;
}
